
Microsoft Visual Studio Solution File, Format Version 12.00
# Visual Studio Version 16
VisualStudioVersion = 16.0.30503.244
MinimumVisualStudioVersion = 10.0.40219.1
Project("{FAE04EC0-301F-11D3-BF4B-00C04F79EFBC}") = "DockerSampleApp", "DockerSampleApp.csproj", "{FB804CBE-F59A-4E73-969D-64CF84688757}"
EndProject
Global
	GlobalSection(SolutionConfigurationPlatforms) = preSolution
		Debug|Any CPU = Debug|Any CPU
		Release|Any CPU = Release|Any CPU
	EndGlobalSection
	GlobalSection(ProjectConfigurationPlatforms) = postSolution
		{FB804CBE-F59A-4E73-969D-64CF84688757}.Debug|Any CPU.ActiveCfg = Debug|Any CPU
		{FB804CBE-F59A-4E73-969D-64CF84688757}.Debug|Any CPU.Build.0 = Debug|Any CPU
		{FB804CBE-F59A-4E73-969D-64CF84688757}.Release|Any CPU.ActiveCfg = Release|Any CPU
		{FB804CBE-F59A-4E73-969D-64CF84688757}.Release|Any CPU.Build.0 = Release|Any CPU
	EndGlobalSection
	GlobalSection(SolutionProperties) = preSolution
		HideSolutionNode = FALSE
	EndGlobalSection
	GlobalSection(ExtensibilityGlobals) = postSolution
		SolutionGuid = {439D6244-D5BD-4553-94A6-FF878D8E0664}
	EndGlobalSection
EndGlobal
